
Microsoft Visual Studio Solution File, Format Version 12.00
# Visual Studio Version 16
VisualStudioVersion = 16.0.31702.278
MinimumVisualStudioVersion = 10.0.40219.1
Project("{FAE04EC0-301F-11D3-BF4B-00C04F79EFBC}") = "PrimerArreglo", "PrimerArreglo\PrimerArreglo.csproj", "{5B10CDE2-82E5-4469-9956-305A426C8494}"
EndProject
Global
	GlobalSection(SolutionConfigurationPlatforms) = preSolution
		Debug|Any CPU = Debug|Any CPU
		Release|Any CPU = Release|Any CPU
	EndGlobalSection
	GlobalSection(ProjectConfigurationPlatforms) = postSolution
		{5B10CDE2-82E5-4469-9956-305A426C8494}.Debug|Any CPU.ActiveCfg = Debug|Any CPU
		{5B10CDE2-82E5-4469-9956-305A426C8494}.Debug|Any CPU.Build.0 = Debug|Any CPU
		{5B10CDE2-82E5-4469-9956-305A426C8494}.Release|Any CPU.ActiveCfg = Release|Any CPU
		{5B10CDE2-82E5-4469-9956-305A426C8494}.Release|Any CPU.Build.0 = Release|Any CPU
	EndGlobalSection
	GlobalSection(SolutionProperties) = preSolution
		HideSolutionNode = FALSE
	EndGlobalSection
	GlobalSection(ExtensibilityGlobals) = postSolution
		SolutionGuid = {FEF0F06B-165F-4BAB-8626-BE4C91ADC72D}
	EndGlobalSection
EndGlobal
