
Microsoft Visual Studio Solution File, Format Version 12.00
# Visual Studio Version 16
VisualStudioVersion = 16.0.31729.503
MinimumVisualStudioVersion = 10.0.40219.1
Project("{FAE04EC0-301F-11D3-BF4B-00C04F79EFBC}") = "Carga_personas", "Carga_personas\Carga_personas.csproj", "{9C93DE97-61AB-4CE7-9CAA-AB747A09121A}"
EndProject
Global
	GlobalSection(SolutionConfigurationPlatforms) = preSolution
		Debug|Any CPU = Debug|Any CPU
		Release|Any CPU = Release|Any CPU
	EndGlobalSection
	GlobalSection(ProjectConfigurationPlatforms) = postSolution
		{9C93DE97-61AB-4CE7-9CAA-AB747A09121A}.Debug|Any CPU.ActiveCfg = Debug|Any CPU
		{9C93DE97-61AB-4CE7-9CAA-AB747A09121A}.Debug|Any CPU.Build.0 = Debug|Any CPU
		{9C93DE97-61AB-4CE7-9CAA-AB747A09121A}.Release|Any CPU.ActiveCfg = Release|Any CPU
		{9C93DE97-61AB-4CE7-9CAA-AB747A09121A}.Release|Any CPU.Build.0 = Release|Any CPU
	EndGlobalSection
	GlobalSection(SolutionProperties) = preSolution
		HideSolutionNode = FALSE
	EndGlobalSection
	GlobalSection(ExtensibilityGlobals) = postSolution
		SolutionGuid = {1007A6C5-AEE4-4C88-AE53-E837ED5E3E9C}
	EndGlobalSection
EndGlobal
