
Microsoft Visual Studio Solution File, Format Version 12.00
# Visual Studio Version 16
VisualStudioVersion = 16.0.31729.503
MinimumVisualStudioVersion = 10.0.40219.1
Project("{FAE04EC0-301F-11D3-BF4B-00C04F79EFBC}") = "ProyectoFinal_Programación", "ProyectoFinal_Programación\ProyectoFinal_Programación.csproj", "{1E6A89B5-8076-41C8-B766-7A31B333AC6B}"
EndProject
Global
	GlobalSection(SolutionConfigurationPlatforms) = preSolution
		Debug|Any CPU = Debug|Any CPU
		Release|Any CPU = Release|Any CPU
	EndGlobalSection
	GlobalSection(ProjectConfigurationPlatforms) = postSolution
		{1E6A89B5-8076-41C8-B766-7A31B333AC6B}.Debug|Any CPU.ActiveCfg = Debug|Any CPU
		{1E6A89B5-8076-41C8-B766-7A31B333AC6B}.Debug|Any CPU.Build.0 = Debug|Any CPU
		{1E6A89B5-8076-41C8-B766-7A31B333AC6B}.Release|Any CPU.ActiveCfg = Release|Any CPU
		{1E6A89B5-8076-41C8-B766-7A31B333AC6B}.Release|Any CPU.Build.0 = Release|Any CPU
	EndGlobalSection
	GlobalSection(SolutionProperties) = preSolution
		HideSolutionNode = FALSE
	EndGlobalSection
	GlobalSection(ExtensibilityGlobals) = postSolution
		SolutionGuid = {547A5497-EAE2-4E14-86CE-BECE88E75B08}
	EndGlobalSection
EndGlobal
