
Microsoft Visual Studio Solution File, Format Version 12.00
# Visual Studio Version 16
VisualStudioVersion = 16.0.31729.503
MinimumVisualStudioVersion = 10.0.40219.1
Project("{FAE04EC0-301F-11D3-BF4B-00C04F79EFBC}") = "Carga_de_personas_mostrar", "Carga_de_personas_mostrar\Carga_de_personas_mostrar.csproj", "{3BFE58EC-1756-4CCD-B022-F00CDF762326}"
EndProject
Global
	GlobalSection(SolutionConfigurationPlatforms) = preSolution
		Debug|Any CPU = Debug|Any CPU
		Release|Any CPU = Release|Any CPU
	EndGlobalSection
	GlobalSection(ProjectConfigurationPlatforms) = postSolution
		{3BFE58EC-1756-4CCD-B022-F00CDF762326}.Debug|Any CPU.ActiveCfg = Debug|Any CPU
		{3BFE58EC-1756-4CCD-B022-F00CDF762326}.Debug|Any CPU.Build.0 = Debug|Any CPU
		{3BFE58EC-1756-4CCD-B022-F00CDF762326}.Release|Any CPU.ActiveCfg = Release|Any CPU
		{3BFE58EC-1756-4CCD-B022-F00CDF762326}.Release|Any CPU.Build.0 = Release|Any CPU
	EndGlobalSection
	GlobalSection(SolutionProperties) = preSolution
		HideSolutionNode = FALSE
	EndGlobalSection
	GlobalSection(ExtensibilityGlobals) = postSolution
		SolutionGuid = {C23203D5-3BB1-403F-A88F-EF938FF0AA16}
	EndGlobalSection
EndGlobal
