
Microsoft Visual Studio Solution File, Format Version 12.00
# Visual Studio Version 16
VisualStudioVersion = 16.0.31624.102
MinimumVisualStudioVersion = 10.0.40219.1
Project("{FAE04EC0-301F-11D3-BF4B-00C04F79EFBC}") = "Prueba_Try_catch", "Prueba_Try_catch\Prueba_Try_catch.csproj", "{76B09C1D-C2BF-4B17-BCB3-984A95C90902}"
EndProject
Global
	GlobalSection(SolutionConfigurationPlatforms) = preSolution
		Debug|Any CPU = Debug|Any CPU
		Release|Any CPU = Release|Any CPU
	EndGlobalSection
	GlobalSection(ProjectConfigurationPlatforms) = postSolution
		{76B09C1D-C2BF-4B17-BCB3-984A95C90902}.Debug|Any CPU.ActiveCfg = Debug|Any CPU
		{76B09C1D-C2BF-4B17-BCB3-984A95C90902}.Debug|Any CPU.Build.0 = Debug|Any CPU
		{76B09C1D-C2BF-4B17-BCB3-984A95C90902}.Release|Any CPU.ActiveCfg = Release|Any CPU
		{76B09C1D-C2BF-4B17-BCB3-984A95C90902}.Release|Any CPU.Build.0 = Release|Any CPU
	EndGlobalSection
	GlobalSection(SolutionProperties) = preSolution
		HideSolutionNode = FALSE
	EndGlobalSection
	GlobalSection(ExtensibilityGlobals) = postSolution
		SolutionGuid = {67C6DBA1-5A0B-4751-950F-1782DDA1177D}
	EndGlobalSection
EndGlobal
